// !$*UTF8*$!
{
	archiveVersion = 1;
	classes = {
	};
	objectVersion = 77;
	objects = {

/* Begin PBXBuildFile section */
		06AD82842501A49E0F712AF8 /* CoffeeCup.usdz in Resources */ = {isa = PBXBuildFile; fileRef = 13F6489724F3E3B04730D518 /* CoffeeCup.usdz */; };
		1257316CBC7169D81498F88B /* GridTexture.swift in Sources */ = {isa = PBXBuildFile; fileRef = 36BF09BCCA1EDFAF2136E002 /* GridTexture.swift */; };
		2A5828CC93F3A2CDCF32AC6C /* PlaneVisualizer.swift in Sources */ = {isa = PBXBuildFile; fileRef = 4CB1F48DC7D4C61A3AF8C349 /* PlaneVisualizer.swift */; };
		2C1F3D8AB5250993F6744074 /* ARSceneCoordinator.swift in Sources */ = {isa = PBXBuildFile; fileRef = D5982C0C662B125F95B3B9B2 /* ARSceneCoordinator.swift */; };
		58F9BE92C388091CD8DDB8C3 /* ReallySceneRealityKitApp.swift in Sources */ = {isa = PBXBuildFile; fileRef = 7DA0DD545A4F221E87C323E9 /* ReallySceneRealityKitApp.swift */; };
		732E3666EB7E371229E1C137 /* PictureFrame.usdz in Resources */ = {isa = PBXBuildFile; fileRef = 16437DE79BFDBF4AC6D806D6 /* PictureFrame.usdz */; };
		74469B6DDFAE857BA3A6FD68 /* Assets.xcassets in Resources */ = {isa = PBXBuildFile; fileRef = 4FDC44AD671D06F060804225 /* Assets.xcassets */; };
		C760DC76E843AA011340F96F /* ARSceneView.swift in Sources */ = {isa = PBXBuildFile; fileRef = 62A504B5E2B89F632D428FA3 /* ARSceneView.swift */; };
		CB87D9A87087ACC0CB3C59B3 /* ContentView.swift in Sources */ = {isa = PBXBuildFile; fileRef = 341FB69E6A127A594784AAA3 /* ContentView.swift */; };
		FDC3231E0E9B75353D444BC9 /* Preview Assets.xcassets in Resources */ = {isa = PBXBuildFile; fileRef = B8A1597EA51E772DEFA131BD /* Preview Assets.xcassets */; };
/* End PBXBuildFile section */

/* Begin PBXFileReference section */
		13F6489724F3E3B04730D518 /* CoffeeCup.usdz */ = {isa = PBXFileReference; lastKnownFileType = file.usdz; path = CoffeeCup.usdz; sourceTree = "<group>"; };
		16437DE79BFDBF4AC6D806D6 /* PictureFrame.usdz */ = {isa = PBXFileReference; lastKnownFileType = file.usdz; path = PictureFrame.usdz; sourceTree = "<group>"; };
		341FB69E6A127A594784AAA3 /* ContentView.swift */ = {isa = PBXFileReference; lastKnownFileType = sourcecode.swift; path = ContentView.swift; sourceTree = "<group>"; };
		36BF09BCCA1EDFAF2136E002 /* GridTexture.swift */ = {isa = PBXFileReference; lastKnownFileType = sourcecode.swift; path = GridTexture.swift; sourceTree = "<group>"; };
		4CB1F48DC7D4C61A3AF8C349 /* PlaneVisualizer.swift */ = {isa = PBXFileReference; lastKnownFileType = sourcecode.swift; path = PlaneVisualizer.swift; sourceTree = "<group>"; };
		4FDC44AD671D06F060804225 /* Assets.xcassets */ = {isa = PBXFileReference; lastKnownFileType = folder.assetcatalog; path = Assets.xcassets; sourceTree = "<group>"; };
		62A504B5E2B89F632D428FA3 /* ARSceneView.swift */ = {isa = PBXFileReference; lastKnownFileType = sourcecode.swift; path = ARSceneView.swift; sourceTree = "<group>"; };
		7DA0DD545A4F221E87C323E9 /* ReallySceneRealityKitApp.swift */ = {isa = PBXFileReference; lastKnownFileType = sourcecode.swift; path = ReallySceneRealityKitApp.swift; sourceTree = "<group>"; };
		9B054EA7D8713FB91862CF2A /* ReallySceneRealityKit.app */ = {isa = PBXFileReference; includeInIndex = 0; lastKnownFileType = wrapper.application; path = ReallySceneRealityKit.app; sourceTree = BUILT_PRODUCTS_DIR; };
		B8A1597EA51E772DEFA131BD /* Preview Assets.xcassets */ = {isa = PBXFileReference; lastKnownFileType = folder.assetcatalog; path = "Preview Assets.xcassets"; sourceTree = "<group>"; };
		D5982C0C662B125F95B3B9B2 /* ARSceneCoordinator.swift */ = {isa = PBXFileReference; lastKnownFileType = sourcecode.swift; path = ARSceneCoordinator.swift; sourceTree = "<group>"; };
/* End PBXFileReference section */

/* Begin PBXGroup section */
		2FF579357A4E7D5EE7553EAA /* ReallySceneRealityKit */ = {
			isa = PBXGroup;
			children = (
				D5982C0C662B125F95B3B9B2 /* ARSceneCoordinator.swift */,
				62A504B5E2B89F632D428FA3 /* ARSceneView.swift */,
				4FDC44AD671D06F060804225 /* Assets.xcassets */,
				341FB69E6A127A594784AAA3 /* ContentView.swift */,
				36BF09BCCA1EDFAF2136E002 /* GridTexture.swift */,
				4CB1F48DC7D4C61A3AF8C349 /* PlaneVisualizer.swift */,
				7DA0DD545A4F221E87C323E9 /* ReallySceneRealityKitApp.swift */,
				D6B5E6A31ED1F2E2E7E874C8 /* Models */,
				5EEF9461102A9721D1E645E7 /* Preview Content */,
			);
			path = ReallySceneRealityKit;
			sourceTree = "<group>";
		};
		5EEF9461102A9721D1E645E7 /* Preview Content */ = {
			isa = PBXGroup;
			children = (
				B8A1597EA51E772DEFA131BD /* Preview Assets.xcassets */,
			);
			path = "Preview Content";
			sourceTree = "<group>";
		};
		6E1A2A52C666CFF4C046C3EC = {
			isa = PBXGroup;
			children = (
				2FF579357A4E7D5EE7553EAA /* ReallySceneRealityKit */,
				A4AF78B70A135119087DC5D9 /* Products */,
			);
			sourceTree = "<group>";
		};
		A4AF78B70A135119087DC5D9 /* Products */ = {
			isa = PBXGroup;
			children = (
				9B054EA7D8713FB91862CF2A /* ReallySceneRealityKit.app */,
			);
			name = Products;
			sourceTree = "<group>";
		};
		D6B5E6A31ED1F2E2E7E874C8 /* Models */ = {
			isa = PBXGroup;
			children = (
				13F6489724F3E3B04730D518 /* CoffeeCup.usdz */,
				16437DE79BFDBF4AC6D806D6 /* PictureFrame.usdz */,
			);
			path = Models;
			sourceTree = "<group>";
		};
/* End PBXGroup section */

/* Begin PBXNativeTarget section */
		73157A61CDEAD63037F909B1 /* ReallySceneRealityKit */ = {
			isa = PBXNativeTarget;
			buildConfigurationList = 3F53E7C3E609E05C56301F3C /* Build configuration list for PBXNativeTarget "ReallySceneRealityKit" */;
			buildPhases = (
				A51574E2B4B1164614057C5C /* Sources */,
				3543A98A716DBDEE9F682BDC /* Resources */,
			);
			buildRules = (
			);
			dependencies = (
			);
			name = ReallySceneRealityKit;
			packageProductDependencies = (
			);
			productName = ReallySceneRealityKit;
			productReference = 9B054EA7D8713FB91862CF2A /* ReallySceneRealityKit.app */;
			productType = "com.apple.product-type.application";
		};
/* End PBXNativeTarget section */

/* Begin PBXProject section */
		154F252A1C52FE48B83C9B2F /* Project object */ = {
			isa = PBXProject;
			attributes = {
				BuildIndependentTargetsInParallel = YES;
				LastUpgradeCheck = 2600;
				TargetAttributes = {
					73157A61CDEAD63037F909B1 = {
						DevelopmentTeam = "";
						ProvisioningStyle = Automatic;
					};
				};
			};
			buildConfigurationList = BF5B70577CD2A0DB15C62F8C /* Build configuration list for PBXProject "ReallySceneRealityKit" */;
			compatibilityVersion = "Xcode 14.0";
			developmentRegion = en;
			hasScannedForEncodings = 0;
			knownRegions = (
				Base,
				en,
			);
			mainGroup = 6E1A2A52C666CFF4C046C3EC;
			minimizedProjectReferenceProxies = 1;
			preferredProjectObjectVersion = 77;
			projectDirPath = "";
			projectRoot = "";
			targets = (
				73157A61CDEAD63037F909B1 /* ReallySceneRealityKit */,
			);
		};
/* End PBXProject section */

/* Begin PBXResourcesBuildPhase section */
		3543A98A716DBDEE9F682BDC /* Resources */ = {
			isa = PBXResourcesBuildPhase;
			buildActionMask = 2147483647;
			files = (
				74469B6DDFAE857BA3A6FD68 /* Assets.xcassets in Resources */,
				06AD82842501A49E0F712AF8 /* CoffeeCup.usdz in Resources */,
				732E3666EB7E371229E1C137 /* PictureFrame.usdz in Resources */,
				FDC3231E0E9B75353D444BC9 /* Preview Assets.xcassets in Resources */,
			);
			runOnlyForDeploymentPostprocessing = 0;
		};
/* End PBXResourcesBuildPhase section */

/* Begin PBXSourcesBuildPhase section */
		A51574E2B4B1164614057C5C /* Sources */ = {
			isa = PBXSourcesBuildPhase;
			buildActionMask = 2147483647;
			files = (
				2C1F3D8AB5250993F6744074 /* ARSceneCoordinator.swift in Sources */,
				C760DC76E843AA011340F96F /* ARSceneView.swift in Sources */,
				CB87D9A87087ACC0CB3C59B3 /* ContentView.swift in Sources */,
				1257316CBC7169D81498F88B /* GridTexture.swift in Sources */,
				2A5828CC93F3A2CDCF32AC6C /* PlaneVisualizer.swift in Sources */,
				58F9BE92C388091CD8DDB8C3 /* ReallySceneRealityKitApp.swift in Sources */,
			);
			runOnlyForDeploymentPostprocessing = 0;
		};
/* End PBXSourcesBuildPhase section */

/* Begin XCBuildConfiguration section */
		379D01EE9999BD1AB1908B5B /* Release */ = {
			isa = XCBuildConfiguration;
			buildSettings = {
				ALWAYS_SEARCH_USER_PATHS = NO;
				CLANG_ANALYZER_NONNULL = YES;
				CLANG_ANALYZER_NUMBER_OBJECT_CONVERSION = YES_AGGRESSIVE;
				CLANG_CXX_LANGUAGE_STANDARD = "gnu++14";
				CLANG_CXX_LIBRARY = "libc++";
				CLANG_ENABLE_MODULES = YES;
				CLANG_ENABLE_OBJC_ARC = YES;
				CLANG_ENABLE_OBJC_WEAK = YES;
				CLANG_WARN_BLOCK_CAPTURE_AUTORELEASING = YES;
				CLANG_WARN_BOOL_CONVERSION = YES;
				CLANG_WARN_COMMA = YES;
				CLANG_WARN_CONSTANT_CONVERSION = YES;
				CLANG_WARN_DEPRECATED_OBJC_IMPLEMENTATIONS = YES;
				CLANG_WARN_DIRECT_OBJC_ISA_USAGE = YES_ERROR;
				CLANG_WARN_DOCUMENTATION_COMMENTS = YES;
				CLANG_WARN_EMPTY_BODY = YES;
				CLANG_WARN_ENUM_CONVERSION = YES;
				CLANG_WARN_INFINITE_RECURSION = YES;
				CLANG_WARN_INT_CONVERSION = YES;
				CLANG_WARN_NON_LITERAL_NULL_CONVERSION = YES;
				CLANG_WARN_OBJC_IMPLICIT_RETAIN_SELF = YES;
				CLANG_WARN_OBJC_LITERAL_CONVERSION = YES;
				CLANG_WARN_OBJC_ROOT_CLASS = YES_ERROR;
				CLANG_WARN_QUOTED_INCLUDE_IN_FRAMEWORK_HEADER = YES;
				CLANG_WARN_RANGE_LOOP_ANALYSIS = YES;
				CLANG_WARN_STRICT_PROTOTYPES = YES;
				CLANG_WARN_SUSPICIOUS_MOVE = YES;
				CLANG_WARN_UNGUARDED_AVAILABILITY = YES_AGGRESSIVE;
				CLANG_WARN_UNREACHABLE_CODE = YES;
				CLANG_WARN__DUPLICATE_METHOD_MATCH = YES;
				CODE_SIGN_STYLE = Automatic;
				COPY_PHASE_STRIP = NO;
				DEBUG_INFORMATION_FORMAT = "dwarf-with-dsym";
				DEVELOPMENT_TEAM = "";
				ENABLE_NS_ASSERTIONS = NO;
				ENABLE_PREVIEWS = YES;
				ENABLE_STRICT_OBJC_MSGSEND = YES;
				GCC_C_LANGUAGE_STANDARD = gnu11;
				GCC_NO_COMMON_BLOCKS = YES;
				GCC_WARN_64_TO_32_BIT_CONVERSION = YES;
				GCC_WARN_ABOUT_RETURN_TYPE = YES_ERROR;
				GCC_WARN_UNDECLARED_SELECTOR = YES;
				GCC_WARN_UNINITIALIZED_AUTOS = YES_AGGRESSIVE;
				GCC_WARN_UNUSED_FUNCTION = YES;
				GCC_WARN_UNUSED_VARIABLE = YES;
				IPHONEOS_DEPLOYMENT_TARGET = 18.0;
				MTL_ENABLE_DEBUG_INFO = NO;
				MTL_FAST_MATH = YES;
				PRODUCT_NAME = "$(TARGET_NAME)";
				SDKROOT = iphoneos;
				SWIFT_COMPILATION_MODE = wholemodule;
				SWIFT_EMIT_LOC_STRINGS = YES;
				SWIFT_OPTIMIZATION_LEVEL = "-O";
				SWIFT_VERSION = 5.10;
			};
			name = Release;
		};
		8EBF31B0F05D9E41A21FF66B /* Debug */ = {
			isa = XCBuildConfiguration;
			buildSettings = {
				ALWAYS_SEARCH_USER_PATHS = NO;
				CLANG_ANALYZER_NONNULL = YES;
				CLANG_ANALYZER_NUMBER_OBJECT_CONVERSION = YES_AGGRESSIVE;
				CLANG_CXX_LANGUAGE_STANDARD = "gnu++14";
				CLANG_CXX_LIBRARY = "libc++";
				CLANG_ENABLE_MODULES = YES;
				CLANG_ENABLE_OBJC_ARC = YES;
				CLANG_ENABLE_OBJC_WEAK = YES;
				CLANG_WARN_BLOCK_CAPTURE_AUTORELEASING = YES;
				CLANG_WARN_BOOL_CONVERSION = YES;
				CLANG_WARN_COMMA = YES;
				CLANG_WARN_CONSTANT_CONVERSION = YES;
				CLANG_WARN_DEPRECATED_OBJC_IMPLEMENTATIONS = YES;
				CLANG_WARN_DIRECT_OBJC_ISA_USAGE = YES_ERROR;
				CLANG_WARN_DOCUMENTATION_COMMENTS = YES;
				CLANG_WARN_EMPTY_BODY = YES;
				CLANG_WARN_ENUM_CONVERSION = YES;
				CLANG_WARN_INFINITE_RECURSION = YES;
				CLANG_WARN_INT_CONVERSION = YES;
				CLANG_WARN_NON_LITERAL_NULL_CONVERSION = YES;
				CLANG_WARN_OBJC_IMPLICIT_RETAIN_SELF = YES;
				CLANG_WARN_OBJC_LITERAL_CONVERSION = YES;
				CLANG_WARN_OBJC_ROOT_CLASS = YES_ERROR;
				CLANG_WARN_QUOTED_INCLUDE_IN_FRAMEWORK_HEADER = YES;
				CLANG_WARN_RANGE_LOOP_ANALYSIS = YES;
				CLANG_WARN_STRICT_PROTOTYPES = YES;
				CLANG_WARN_SUSPICIOUS_MOVE = YES;
				CLANG_WARN_UNGUARDED_AVAILABILITY = YES_AGGRESSIVE;
				CLANG_WARN_UNREACHABLE_CODE = YES;
				CLANG_WARN__DUPLICATE_METHOD_MATCH = YES;
				CODE_SIGN_STYLE = Automatic;
				COPY_PHASE_STRIP = NO;
				DEBUG_INFORMATION_FORMAT = dwarf;
				DEVELOPMENT_TEAM = "";
				ENABLE_PREVIEWS = YES;
				ENABLE_STRICT_OBJC_MSGSEND = YES;
				ENABLE_TESTABILITY = YES;
				GCC_C_LANGUAGE_STANDARD = gnu11;
				GCC_DYNAMIC_NO_PIC = NO;
				GCC_NO_COMMON_BLOCKS = YES;
				GCC_OPTIMIZATION_LEVEL = 0;
				GCC_PREPROCESSOR_DEFINITIONS = (
					"$(inherited)",
					"DEBUG=1",
				);
				GCC_WARN_64_TO_32_BIT_CONVERSION = YES;
				GCC_WARN_ABOUT_RETURN_TYPE = YES_ERROR;
				GCC_WARN_UNDECLARED_SELECTOR = YES;
				GCC_WARN_UNINITIALIZED_AUTOS = YES_AGGRESSIVE;
				GCC_WARN_UNUSED_FUNCTION = YES;
				GCC_WARN_UNUSED_VARIABLE = YES;
				IPHONEOS_DEPLOYMENT_TARGET = 18.0;
				MTL_ENABLE_DEBUG_INFO = INCLUDE_SOURCE;
				MTL_FAST_MATH = YES;
				ONLY_ACTIVE_ARCH = YES;
				PRODUCT_NAME = "$(TARGET_NAME)";
				SDKROOT = iphoneos;
				SWIFT_ACTIVE_COMPILATION_CONDITIONS = DEBUG;
				SWIFT_EMIT_LOC_STRINGS = YES;
				SWIFT_OPTIMIZATION_LEVEL = "-Onone";
				SWIFT_VERSION = 5.10;
			};
			name = Debug;
		};
		9148B3AC62067B2EE1A6F19A /* Release */ = {
			isa = XCBuildConfiguration;
			buildSettings = {
				ASSETCATALOG_COMPILER_APPICON_NAME = AppIcon;
				ASSETCATALOG_COMPILER_GLOBAL_ACCENT_COLOR_NAME = AccentColor;
				CODE_SIGN_IDENTITY = "iPhone Developer";
				CURRENT_PROJECT_VERSION = 1;
				DEVELOPMENT_ASSET_PATHS = "\"ReallySceneRealityKit/Preview Content\"";
				GENERATE_INFOPLIST_FILE = YES;
				INFOPLIST_KEY_NSCameraUsageDescription = "AR 카메라로 주변 공간을 인식하기 위해 사용합니다.";
				INFOPLIST_KEY_UIApplicationSceneManifest_Generation = YES;
				INFOPLIST_KEY_UIApplicationSupportsIndirectInputEvents = YES;
				INFOPLIST_KEY_UILaunchScreen_Generation = YES;
				INFOPLIST_KEY_UIRequiredDeviceCapabilities = arkit;
				INFOPLIST_KEY_UISupportedInterfaceOrientations_iPad = "UIInterfaceOrientationPortrait UIInterfaceOrientationPortraitUpsideDown UIInterfaceOrientationLandscapeLeft UIInterfaceOrientationLandscapeRight";
				INFOPLIST_KEY_UISupportedInterfaceOrientations_iPhone = "UIInterfaceOrientationPortrait UIInterfaceOrientationLandscapeLeft UIInterfaceOrientationLandscapeRight";
				LD_RUNPATH_SEARCH_PATHS = (
					"$(inherited)",
					"@executable_path/Frameworks",
				);
				MARKETING_VERSION = 1.0;
				PRODUCT_BUNDLE_IDENTIFIER = com.lingostar.ReallySceneRealityKit;
				PRODUCT_NAME = ReallySceneRealityKit;
				SDKROOT = iphoneos;
				SWIFT_EMIT_LOC_STRINGS = YES;
				TARGETED_DEVICE_FAMILY = "1,2";
			};
			name = Release;
		};
		B084688AADBC3D8EAC15FB7D /* Debug */ = {
			isa = XCBuildConfiguration;
			buildSettings = {
				ASSETCATALOG_COMPILER_APPICON_NAME = AppIcon;
				ASSETCATALOG_COMPILER_GLOBAL_ACCENT_COLOR_NAME = AccentColor;
				CODE_SIGN_IDENTITY = "iPhone Developer";
				CURRENT_PROJECT_VERSION = 1;
				DEVELOPMENT_ASSET_PATHS = "\"ReallySceneRealityKit/Preview Content\"";
				GENERATE_INFOPLIST_FILE = YES;
				INFOPLIST_KEY_NSCameraUsageDescription = "AR 카메라로 주변 공간을 인식하기 위해 사용합니다.";
				INFOPLIST_KEY_UIApplicationSceneManifest_Generation = YES;
				INFOPLIST_KEY_UIApplicationSupportsIndirectInputEvents = YES;
				INFOPLIST_KEY_UILaunchScreen_Generation = YES;
				INFOPLIST_KEY_UIRequiredDeviceCapabilities = arkit;
				INFOPLIST_KEY_UISupportedInterfaceOrientations_iPad = "UIInterfaceOrientationPortrait UIInterfaceOrientationPortraitUpsideDown UIInterfaceOrientationLandscapeLeft UIInterfaceOrientationLandscapeRight";
				INFOPLIST_KEY_UISupportedInterfaceOrientations_iPhone = "UIInterfaceOrientationPortrait UIInterfaceOrientationLandscapeLeft UIInterfaceOrientationLandscapeRight";
				LD_RUNPATH_SEARCH_PATHS = (
					"$(inherited)",
					"@executable_path/Frameworks",
				);
				MARKETING_VERSION = 1.0;
				PRODUCT_BUNDLE_IDENTIFIER = com.lingostar.ReallySceneRealityKit;
				PRODUCT_NAME = ReallySceneRealityKit;
				SDKROOT = iphoneos;
				SWIFT_EMIT_LOC_STRINGS = YES;
				TARGETED_DEVICE_FAMILY = "1,2";
			};
			name = Debug;
		};
/* End XCBuildConfiguration section */

/* Begin XCConfigurationList section */
		3F53E7C3E609E05C56301F3C /* Build configuration list for PBXNativeTarget "ReallySceneRealityKit" */ = {
			isa = XCConfigurationList;
			buildConfigurations = (
				B084688AADBC3D8EAC15FB7D /* Debug */,
				9148B3AC62067B2EE1A6F19A /* Release */,
			);
			defaultConfigurationIsVisible = 0;
			defaultConfigurationName = Debug;
		};
		BF5B70577CD2A0DB15C62F8C /* Build configuration list for PBXProject "ReallySceneRealityKit" */ = {
			isa = XCConfigurationList;
			buildConfigurations = (
				8EBF31B0F05D9E41A21FF66B /* Debug */,
				379D01EE9999BD1AB1908B5B /* Release */,
			);
			defaultConfigurationIsVisible = 0;
			defaultConfigurationName = Debug;
		};
/* End XCConfigurationList section */
	};
	rootObject = 154F252A1C52FE48B83C9B2F /* Project object */;
}
